{
    "name": "circumscribe",
    "version": "0.1.0",
    "lockfileVersion": 3,
    "requires": true,
    "packages": {
        "": {
            "name": "circumscribe",
            "version": "0.1.0",
            "license": "MIT",
            "devDependencies": {
                "@types/node": "^26.6.2"
            }
        },
        "node_modules/.pnpm/@types+node@26.6.2": {
            "dev": true
        },
        "node_modules/.pnpm/@types+node@26.6.2/node_modules/@types/node": {
            "version": "26.6.2",
            "dev": true,
            "license": "MIT",
            "dependencies": {
                "undici-types": "~8.9.0"
            }
        },
        "node_modules/.pnpm/@types+node@26.6.2/node_modules/undici-types": {
            "resolved": "node_modules/.pnpm/undici-types@8.9.0/node_modules/undici-types",
            "link": true
        },
        "node_modules/.pnpm/undici-types@8.9.0/node_modules/undici-types": {
            "version": "8.9.0",
            "dev": true,
            "license": "MIT"
        },
        "node_modules/@types/node": {
            "resolved": "node_modules/.pnpm/@types+node@26.6.2/node_modules/@types/node",
            "link": true
        }
    }
}
